
Microsoft Visual Studio Solution File, Format Version 12.00
# Visual Studio Version 17
VisualStudioVersion = 17.0.32014.148
MinimumVisualStudioVersion = 10.0.40219.1
Project("{FAE04EC0-301F-11D3-BF4B-00C04F79EFBC}") = "16_db-csharp", "16_db-csharp\16_db-csharp.csproj", "{84029219-C412-45FB-B80B-4C09AE6845E9}"
EndProject
Global
	GlobalSection(SolutionConfigurationPlatforms) = preSolution
		Debug|Any CPU = Debug|Any CPU
		Release|Any CPU = Release|Any CPU
	EndGlobalSection
	GlobalSection(ProjectConfigurationPlatforms) = postSolution
		{84029219-C412-45FB-B80B-4C09AE6845E9}.Debug|Any CPU.ActiveCfg = Debug|Any CPU
		{84029219-C412-45FB-B80B-4C09AE6845E9}.Debug|Any CPU.Build.0 = Debug|Any CPU
		{84029219-C412-45FB-B80B-4C09AE6845E9}.Release|Any CPU.ActiveCfg = Release|Any CPU
		{84029219-C412-45FB-B80B-4C09AE6845E9}.Release|Any CPU.Build.0 = Release|Any CPU
	EndGlobalSection
	GlobalSection(SolutionProperties) = preSolution
		HideSolutionNode = FALSE
	EndGlobalSection
	GlobalSection(ExtensibilityGlobals) = postSolution
		SolutionGuid = {F5A934DC-951E-4C2C-A3F0-25ACC2E45C6A}
	EndGlobalSection
EndGlobal
